
Microsoft Visual Studio Solution File, Format Version 12.00
# Visual Studio Version 17
VisualStudioVersion = 17.8.34511.84
MinimumVisualStudioVersion = 10.0.40219.1
Project("{FAE04EC0-301F-11D3-BF4B-00C04F79EFBC}") = "wot-api", "wot-api\wot-api.csproj", "{3D595B55-22BD-4AD5-B740-C149CACD42D4}"
EndProject
Global
	GlobalSection(SolutionConfigurationPlatforms) = preSolution
		Debug|Any CPU = Debug|Any CPU
		Release|Any CPU = Release|Any CPU
	EndGlobalSection
	GlobalSection(ProjectConfigurationPlatforms) = postSolution
		{3D595B55-22BD-4AD5-B740-C149CACD42D4}.Debug|Any CPU.ActiveCfg = Debug|Any CPU
		{3D595B55-22BD-4AD5-B740-C149CACD42D4}.Debug|Any CPU.Build.0 = Debug|Any CPU
		{3D595B55-22BD-4AD5-B740-C149CACD42D4}.Release|Any CPU.ActiveCfg = Release|Any CPU
		{3D595B55-22BD-4AD5-B740-C149CACD42D4}.Release|Any CPU.Build.0 = Release|Any CPU
	EndGlobalSection
	GlobalSection(SolutionProperties) = preSolution
		HideSolutionNode = FALSE
	EndGlobalSection
	GlobalSection(ExtensibilityGlobals) = postSolution
		SolutionGuid = {0090F11D-6A3E-4659-A8AC-8FFDB3134A4E}
	EndGlobalSection
EndGlobal
